Microsoft Visual Studio Solution File, Format Version 12.00
# Visual Studio Version 17
VisualStudioVersion = 17.5.2.0
MinimumVisualStudioVersion = 10.0.40219.1
Project("{FAE04EC0-301F-11D3-BF4B-00C04F79EFBC}") = "ApontamentoHoras", "ApontamentoHoras.csproj", "{FDA3A460-01D5-373B-9C66-C1EB89E6B88D}"
EndProject
Global
	GlobalSection(SolutionConfigurationPlatforms) = preSolution
		Debug|Any CPU = Debug|Any CPU
		Release|Any CPU = Release|Any CPU
	EndGlobalSection
	GlobalSection(ProjectConfigurationPlatforms) = postSolution
		{FDA3A460-01D5-373B-9C66-C1EB89E6B88D}.Debug|Any CPU.ActiveCfg = Debug|Any CPU
		{FDA3A460-01D5-373B-9C66-C1EB89E6B88D}.Debug|Any CPU.Build.0 = Debug|Any CPU
		{FDA3A460-01D5-373B-9C66-C1EB89E6B88D}.Release|Any CPU.ActiveCfg = Release|Any CPU
		{FDA3A460-01D5-373B-9C66-C1EB89E6B88D}.Release|Any CPU.Build.0 = Release|Any CPU
	EndGlobalSection
	GlobalSection(SolutionProperties) = preSolution
		HideSolutionNode = FALSE
	EndGlobalSection
	GlobalSection(ExtensibilityGlobals) = postSolution
		SolutionGuid = {4CD89D31-46AC-467D-94B9-7431A9D94BA4}
	EndGlobalSection
EndGlobal
